
Microsoft Visual Studio Solution File, Format Version 12.00
# Visual Studio Version 17
VisualStudioVersion = 17.5.33516.290
MinimumVisualStudioVersion = 10.0.40219.1
Project("{8BC9CEB8-8B4A-11D0-8D11-00A0C91BC942}") = "ds2-0316", "ds2-0316\ds2-0316.vcxproj", "{F8EB0D48-BB36-4F03-93C6-E6D1BE8A0D2F}"
EndProject
Project("{8BC9CEB8-8B4A-11D0-8D11-00A0C91BC942}") = "ds2-0316-2", "ds2-0316-2\ds2-0316-2.vcxproj", "{7ECEA897-45A8-4B9E-AE89-AA55DDF24378}"
EndProject
Project("{8BC9CEB8-8B4A-11D0-8D11-00A0C91BC942}") = "ds2-0316-3", "ds2-0316-3\ds2-0316-3.vcxproj", "{B5FA7324-5B8D-464B-81AC-0ECF7DE914B4}"
EndProject
Project("{2150E333-8FDC-42A3-9474-1A3956D46DE8}") = "Solution Items", "Solution Items", "{0C8854E2-05E5-4685-A689-9437160FB0E6}"
	ProjectSection(SolutionItems) = preProject
		.gitignore = .gitignore
		README.md = README.md
	EndProjectSection
EndProject
Project("{8BC9CEB8-8B4A-11D0-8D11-00A0C91BC942}") = "ds2-0406", "ds2-0406\ds2-0406.vcxproj", "{5F9F3CA3-93A1-4468-92B4-D1ECFD4ABFD9}"
EndProject
Project("{8BC9CEB8-8B4A-11D0-8D11-00A0C91BC942}") = "ds2-0413", "ds2-0413\ds2-0413.vcxproj", "{1B77F2E1-130F-44EC-B89E-23A371980C96}"
EndProject
Project("{8BC9CEB8-8B4A-11D0-8D11-00A0C91BC942}") = "ds2-0420", "ds2-0420\ds2-0420.vcxproj", "{6372D966-33C7-4D40-BFF8-8231D32107B4}"
EndProject
Project("{8BC9CEB8-8B4A-11D0-8D11-00A0C91BC942}") = "ds2-0601", "ds2-0601\ds2-0601.vcxproj", "{88B93ECC-3D63-46EE-8D2F-766BC044BD53}"
EndProject
Project("{8BC9CEB8-8B4A-11D0-8D11-00A0C91BC942}") = "ds2-0601-2", "ds2-0601-2\ds2-0601-2.vcxproj", "{200D506D-31BD-4705-A609-A0C4B935630F}"
EndProject
Project("{8BC9CEB8-8B4A-11D0-8D11-00A0C91BC942}") = "ds2-0608", "ds2-0608\ds2-0608.vcxproj", "{F3E70076-68B4-4B6E-993A-EFF65E611282}"
EndProject
Project("{8BC9CEB8-8B4A-11D0-8D11-00A0C91BC942}") = "ds2-0608-2", "ds2-0608-2\ds2-0608-2.vcxproj", "{710D388B-3171-4733-9A4F-4CD6BA2344D4}"
EndProject
Project("{8BC9CEB8-8B4A-11D0-8D11-00A0C91BC942}") = "ds2-0608-3", "ds2-0608-3\ds2-0608-3.vcxproj", "{32F09DD5-C9A7-477E-8D76-4AEB40BCE6CB}"
EndProject
Global
	GlobalSection(SolutionConfigurationPlatforms) = preSolution
		Debug|x64 = Debug|x64
		Debug|x86 = Debug|x86
		Release|x64 = Release|x64
		Release|x86 = Release|x86
	EndGlobalSection
	GlobalSection(ProjectConfigurationPlatforms) = postSolution
		{F8EB0D48-BB36-4F03-93C6-E6D1BE8A0D2F}.Debug|x64.ActiveCfg = Debug|x64
		{F8EB0D48-BB36-4F03-93C6-E6D1BE8A0D2F}.Debug|x64.Build.0 = Debug|x64
		{F8EB0D48-BB36-4F03-93C6-E6D1BE8A0D2F}.Debug|x86.ActiveCfg = Debug|Win32
		{F8EB0D48-BB36-4F03-93C6-E6D1BE8A0D2F}.Debug|x86.Build.0 = Debug|Win32
		{F8EB0D48-BB36-4F03-93C6-E6D1BE8A0D2F}.Release|x64.ActiveCfg = Release|x64
		{F8EB0D48-BB36-4F03-93C6-E6D1BE8A0D2F}.Release|x64.Build.0 = Release|x64
		{F8EB0D48-BB36-4F03-93C6-E6D1BE8A0D2F}.Release|x86.ActiveCfg = Release|Win32
		{F8EB0D48-BB36-4F03-93C6-E6D1BE8A0D2F}.Release|x86.Build.0 = Release|Win32
		{7ECEA897-45A8-4B9E-AE89-AA55DDF24378}.Debug|x64.ActiveCfg = Debug|x64
		{7ECEA897-45A8-4B9E-AE89-AA55DDF24378}.Debug|x64.Build.0 = Debug|x64
		{7ECEA897-45A8-4B9E-AE89-AA55DDF24378}.Debug|x86.ActiveCfg = Debug|Win32
		{7ECEA897-45A8-4B9E-AE89-AA55DDF24378}.Debug|x86.Build.0 = Debug|Win32
		{7ECEA897-45A8-4B9E-AE89-AA55DDF24378}.Release|x64.ActiveCfg = Release|x64
		{7ECEA897-45A8-4B9E-AE89-AA55DDF24378}.Release|x64.Build.0 = Release|x64
		{7ECEA897-45A8-4B9E-AE89-AA55DDF24378}.Release|x86.ActiveCfg = Release|Win32
		{7ECEA897-45A8-4B9E-AE89-AA55DDF24378}.Release|x86.Build.0 = Release|Win32
		{B5FA7324-5B8D-464B-81AC-0ECF7DE914B4}.Debug|x64.ActiveCfg = Debug|x64
		{B5FA7324-5B8D-464B-81AC-0ECF7DE914B4}.Debug|x64.Build.0 = Debug|x64
		{B5FA7324-5B8D-464B-81AC-0ECF7DE914B4}.Debug|x86.ActiveCfg = Debug|Win32
		{B5FA7324-5B8D-464B-81AC-0ECF7DE914B4}.Debug|x86.Build.0 = Debug|Win32
		{B5FA7324-5B8D-464B-81AC-0ECF7DE914B4}.Release|x64.ActiveCfg = Release|x64
		{B5FA7324-5B8D-464B-81AC-0ECF7DE914B4}.Release|x64.Build.0 = Release|x64
		{B5FA7324-5B8D-464B-81AC-0ECF7DE914B4}.Release|x86.ActiveCfg = Release|Win32
		{B5FA7324-5B8D-464B-81AC-0ECF7DE914B4}.Release|x86.Build.0 = Release|Win32
		{5F9F3CA3-93A1-4468-92B4-D1ECFD4ABFD9}.Debug|x64.ActiveCfg = Debug|x64
		{5F9F3CA3-93A1-4468-92B4-D1ECFD4ABFD9}.Debug|x64.Build.0 = Debug|x64
		{5F9F3CA3-93A1-4468-92B4-D1ECFD4ABFD9}.Debug|x86.ActiveCfg = Debug|Win32
		{5F9F3CA3-93A1-4468-92B4-D1ECFD4ABFD9}.Debug|x86.Build.0 = Debug|Win32
		{5F9F3CA3-93A1-4468-92B4-D1ECFD4ABFD9}.Release|x64.ActiveCfg = Release|x64
		{5F9F3CA3-93A1-4468-92B4-D1ECFD4ABFD9}.Release|x64.Build.0 = Release|x64
		{5F9F3CA3-93A1-4468-92B4-D1ECFD4ABFD9}.Release|x86.ActiveCfg = Release|Win32
		{5F9F3CA3-93A1-4468-92B4-D1ECFD4ABFD9}.Release|x86.Build.0 = Release|Win32
		{1B77F2E1-130F-44EC-B89E-23A371980C96}.Debug|x64.ActiveCfg = Debug|x64
		{1B77F2E1-130F-44EC-B89E-23A371980C96}.Debug|x64.Build.0 = Debug|x64
		{1B77F2E1-130F-44EC-B89E-23A371980C96}.Debug|x86.ActiveCfg = Debug|Win32
		{1B77F2E1-130F-44EC-B89E-23A371980C96}.Debug|x86.Build.0 = Debug|Win32
		{1B77F2E1-130F-44EC-B89E-23A371980C96}.Release|x64.ActiveCfg = Release|x64
		{1B77F2E1-130F-44EC-B89E-23A371980C96}.Release|x64.Build.0 = Release|x64
		{1B77F2E1-130F-44EC-B89E-23A371980C96}.Release|x86.ActiveCfg = Release|Win32
		{1B77F2E1-130F-44EC-B89E-23A371980C96}.Release|x86.Build.0 = Release|Win32
		{6372D966-33C7-4D40-BFF8-8231D32107B4}.Debug|x64.ActiveCfg = Debug|x64
		{6372D966-33C7-4D40-BFF8-8231D32107B4}.Debug|x64.Build.0 = Debug|x64
		{6372D966-33C7-4D40-BFF8-8231D32107B4}.Debug|x86.ActiveCfg = Debug|Win32
		{6372D966-33C7-4D40-BFF8-8231D32107B4}.Debug|x86.Build.0 = Debug|Win32
		{6372D966-33C7-4D40-BFF8-8231D32107B4}.Release|x64.ActiveCfg = Release|x64
		{6372D966-33C7-4D40-BFF8-8231D32107B4}.Release|x64.Build.0 = Release|x64
		{6372D966-33C7-4D40-BFF8-8231D32107B4}.Release|x86.ActiveCfg = Release|Win32
		{6372D966-33C7-4D40-BFF8-8231D32107B4}.Release|x86.Build.0 = Release|Win32
		{88B93ECC-3D63-46EE-8D2F-766BC044BD53}.Debug|x64.ActiveCfg = Debug|x64
		{88B93ECC-3D63-46EE-8D2F-766BC044BD53}.Debug|x64.Build.0 = Debug|x64
		{88B93ECC-3D63-46EE-8D2F-766BC044BD53}.Debug|x86.ActiveCfg = Debug|Win32
		{88B93ECC-3D63-46EE-8D2F-766BC044BD53}.Debug|x86.Build.0 = Debug|Win32
		{88B93ECC-3D63-46EE-8D2F-766BC044BD53}.Release|x64.ActiveCfg = Release|x64
		{88B93ECC-3D63-46EE-8D2F-766BC044BD53}.Release|x64.Build.0 = Release|x64
		{88B93ECC-3D63-46EE-8D2F-766BC044BD53}.Release|x86.ActiveCfg = Release|Win32
		{88B93ECC-3D63-46EE-8D2F-766BC044BD53}.Release|x86.Build.0 = Release|Win32
		{200D506D-31BD-4705-A609-A0C4B935630F}.Debug|x64.ActiveCfg = Debug|x64
		{200D506D-31BD-4705-A609-A0C4B935630F}.Debug|x64.Build.0 = Debug|x64
		{200D506D-31BD-4705-A609-A0C4B935630F}.Debug|x86.ActiveCfg = Debug|Win32
		{200D506D-31BD-4705-A609-A0C4B935630F}.Debug|x86.Build.0 = Debug|Win32
		{200D506D-31BD-4705-A609-A0C4B935630F}.Release|x64.ActiveCfg = Release|x64
		{200D506D-31BD-4705-A609-A0C4B935630F}.Release|x64.Build.0 = Release|x64
		{200D506D-31BD-4705-A609-A0C4B935630F}.Release|x86.ActiveCfg = Release|Win32
		{200D506D-31BD-4705-A609-A0C4B935630F}.Release|x86.Build.0 = Release|Win32
		{F3E70076-68B4-4B6E-993A-EFF65E611282}.Debug|x64.ActiveCfg = Debug|x64
		{F3E70076-68B4-4B6E-993A-EFF65E611282}.Debug|x64.Build.0 = Debug|x64
		{F3E70076-68B4-4B6E-993A-EFF65E611282}.Debug|x86.ActiveCfg = Debug|Win32
		{F3E70076-68B4-4B6E-993A-EFF65E611282}.Debug|x86.Build.0 = Debug|Win32
		{F3E70076-68B4-4B6E-993A-EFF65E611282}.Release|x64.ActiveCfg = Release|x64
		{F3E70076-68B4-4B6E-993A-EFF65E611282}.Release|x64.Build.0 = Release|x64
		{F3E70076-68B4-4B6E-993A-EFF65E611282}.Release|x86.ActiveCfg = Release|Win32
		{F3E70076-68B4-4B6E-993A-EFF65E611282}.Release|x86.Build.0 = Release|Win32
		{710D388B-3171-4733-9A4F-4CD6BA2344D4}.Debug|x64.ActiveCfg = Debug|x64
		{710D388B-3171-4733-9A4F-4CD6BA2344D4}.Debug|x64.Build.0 = Debug|x64
		{710D388B-3171-4733-9A4F-4CD6BA2344D4}.Debug|x86.ActiveCfg = Debug|Win32
		{710D388B-3171-4733-9A4F-4CD6BA2344D4}.Debug|x86.Build.0 = Debug|Win32
		{710D388B-3171-4733-9A4F-4CD6BA2344D4}.Release|x64.ActiveCfg = Release|x64
		{710D388B-3171-4733-9A4F-4CD6BA2344D4}.Release|x64.Build.0 = Release|x64
		{710D388B-3171-4733-9A4F-4CD6BA2344D4}.Release|x86.ActiveCfg = Release|Win32
		{710D388B-3171-4733-9A4F-4CD6BA2344D4}.Release|x86.Build.0 = Release|Win32
		{32F09DD5-C9A7-477E-8D76-4AEB40BCE6CB}.Debug|x64.ActiveCfg = Debug|x64
		{32F09DD5-C9A7-477E-8D76-4AEB40BCE6CB}.Debug|x64.Build.0 = Debug|x64
		{32F09DD5-C9A7-477E-8D76-4AEB40BCE6CB}.Debug|x86.ActiveCfg = Debug|Win32
		{32F09DD5-C9A7-477E-8D76-4AEB40BCE6CB}.Debug|x86.Build.0 = Debug|Win32
		{32F09DD5-C9A7-477E-8D76-4AEB40BCE6CB}.Release|x64.ActiveCfg = Release|x64
		{32F09DD5-C9A7-477E-8D76-4AEB40BCE6CB}.Release|x64.Build.0 = Release|x64
		{32F09DD5-C9A7-477E-8D76-4AEB40BCE6CB}.Release|x86.ActiveCfg = Release|Win32
		{32F09DD5-C9A7-477E-8D76-4AEB40BCE6CB}.Release|x86.Build.0 = Release|Win32
	EndGlobalSection
	GlobalSection(SolutionProperties) = preSolution
		HideSolutionNode = FALSE
	EndGlobalSection
	GlobalSection(ExtensibilityGlobals) = postSolution
		SolutionGuid = {238AAEED-2A89-4615-ACB9-0A7AA6E80A09}
	EndGlobalSection
EndGlobal
